
Microsoft Visual Studio Solution File, Format Version 12.00
# Visual Studio 15
VisualStudioVersion = 15.0.28010.2003
MinimumVisualStudioVersion = 10.0.40219.1
Project("{535C04D7-A2A5-47C7-83E0-B340A995CD1F}") = "CarRentalExercise", "CarRentalExercise\CarRentalExercise.cblproj", "{76397C6D-5C5B-4138-860C-702175ED2591}"
EndProject
Global
	GlobalSection(SolutionConfigurationPlatforms) = preSolution
		Debug|Any CPU = Debug|Any CPU
		Release|Any CPU = Release|Any CPU
	EndGlobalSection
	GlobalSection(ProjectConfigurationPlatforms) = postSolution
		{76397C6D-5C5B-4138-860C-702175ED2591}.Debug|Any CPU.ActiveCfg = Debug|Any CPU
		{76397C6D-5C5B-4138-860C-702175ED2591}.Debug|Any CPU.Build.0 = Debug|Any CPU
		{76397C6D-5C5B-4138-860C-702175ED2591}.Release|Any CPU.ActiveCfg = Release|Any CPU
		{76397C6D-5C5B-4138-860C-702175ED2591}.Release|Any CPU.Build.0 = Release|Any CPU
	EndGlobalSection
	GlobalSection(SolutionProperties) = preSolution
		HideSolutionNode = FALSE
	EndGlobalSection
	GlobalSection(ExtensibilityGlobals) = postSolution
		SolutionGuid = {AC7FCD09-9421-4483-98EB-C13C82A79C46}
	EndGlobalSection
EndGlobal
